
Microsoft Visual Studio Solution File, Format Version 12.00
# Visual Studio 15
VisualStudioVersion = 15.0.27428.2037
MinimumVisualStudioVersion = 10.0.40219.1
Project("{FAE04EC0-301F-11D3-BF4B-00C04F79EFBC}") = "VocabularyClient", "VocabularyUI\VocabularyClient.csproj", "{FA464AF1-6552-4569-A68E-3857E31E08AF}"
EndProject
Project("{FAE04EC0-301F-11D3-BF4B-00C04F79EFBC}") = "DAL", "DAL\DAL.csproj", "{920B6E44-3418-4549-ABF2-54F5BD1D4FF8}"
EndProject
Global
	GlobalSection(SolutionConfigurationPlatforms) = preSolution
		Debug|Any CPU = Debug|Any CPU
		Release|Any CPU = Release|Any CPU
	EndGlobalSection
	GlobalSection(ProjectConfigurationPlatforms) = postSolution
		{FA464AF1-6552-4569-A68E-3857E31E08AF}.Debug|Any CPU.ActiveCfg = Debug|Any CPU
		{FA464AF1-6552-4569-A68E-3857E31E08AF}.Debug|Any CPU.Build.0 = Debug|Any CPU
		{FA464AF1-6552-4569-A68E-3857E31E08AF}.Release|Any CPU.ActiveCfg = Release|Any CPU
		{FA464AF1-6552-4569-A68E-3857E31E08AF}.Release|Any CPU.Build.0 = Release|Any CPU
		{920B6E44-3418-4549-ABF2-54F5BD1D4FF8}.Debug|Any CPU.ActiveCfg = Debug|Any CPU
		{920B6E44-3418-4549-ABF2-54F5BD1D4FF8}.Debug|Any CPU.Build.0 = Debug|Any CPU
		{920B6E44-3418-4549-ABF2-54F5BD1D4FF8}.Release|Any CPU.ActiveCfg = Release|Any CPU
		{920B6E44-3418-4549-ABF2-54F5BD1D4FF8}.Release|Any CPU.Build.0 = Release|Any CPU
	EndGlobalSection
	GlobalSection(SolutionProperties) = preSolution
		HideSolutionNode = FALSE
	EndGlobalSection
	GlobalSection(ExtensibilityGlobals) = postSolution
		SolutionGuid = {9E91631A-EE71-469D-B915-B1FD81F7CC32}
	EndGlobalSection
EndGlobal
